
Microsoft Visual Studio Solution File, Format Version 12.00
# Visual Studio Version 17
VisualStudioVersion = 17.4.33122.133
MinimumVisualStudioVersion = 10.0.40219.1
Project("{9A19103F-16F7-4668-BE54-9A1E7A4F7556}") = "ProductMicroservice", "Microservices\ProductMicroservice.csproj", "{095D7830-7BBB-4FC2-8B3F-5FAE3A8837A2}"
EndProject
Project("{9A19103F-16F7-4668-BE54-9A1E7A4F7556}") = "CategoryMicroservice", "CategoryService\CategoryMicroservice.csproj", "{F59D344D-6033-450B-8617-08AA2944944C}"
EndProject
Project("{9A19103F-16F7-4668-BE54-9A1E7A4F7556}") = "Shared", "Shared\Shared.csproj", "{2BCF836A-C021-483A-B815-116FC563AD79}"
EndProject
Global
	GlobalSection(SolutionConfigurationPlatforms) = preSolution
		Debug|Any CPU = Debug|Any CPU
		Release|Any CPU = Release|Any CPU
	EndGlobalSection
	GlobalSection(ProjectConfigurationPlatforms) = postSolution
		{095D7830-7BBB-4FC2-8B3F-5FAE3A8837A2}.Debug|Any CPU.ActiveCfg = Debug|Any CPU
		{095D7830-7BBB-4FC2-8B3F-5FAE3A8837A2}.Debug|Any CPU.Build.0 = Debug|Any CPU
		{095D7830-7BBB-4FC2-8B3F-5FAE3A8837A2}.Release|Any CPU.ActiveCfg = Release|Any CPU
		{095D7830-7BBB-4FC2-8B3F-5FAE3A8837A2}.Release|Any CPU.Build.0 = Release|Any CPU
		{F59D344D-6033-450B-8617-08AA2944944C}.Debug|Any CPU.ActiveCfg = Debug|Any CPU
		{F59D344D-6033-450B-8617-08AA2944944C}.Debug|Any CPU.Build.0 = Debug|Any CPU
		{F59D344D-6033-450B-8617-08AA2944944C}.Release|Any CPU.ActiveCfg = Release|Any CPU
		{F59D344D-6033-450B-8617-08AA2944944C}.Release|Any CPU.Build.0 = Release|Any CPU
		{2BCF836A-C021-483A-B815-116FC563AD79}.Debug|Any CPU.ActiveCfg = Debug|Any CPU
		{2BCF836A-C021-483A-B815-116FC563AD79}.Debug|Any CPU.Build.0 = Debug|Any CPU
		{2BCF836A-C021-483A-B815-116FC563AD79}.Release|Any CPU.ActiveCfg = Release|Any CPU
		{2BCF836A-C021-483A-B815-116FC563AD79}.Release|Any CPU.Build.0 = Release|Any CPU
	EndGlobalSection
	GlobalSection(SolutionProperties) = preSolution
		HideSolutionNode = FALSE
	EndGlobalSection
	GlobalSection(ExtensibilityGlobals) = postSolution
		SolutionGuid = {F6B06CE6-6E97-4B7D-9D4C-13196E145963}
	EndGlobalSection
EndGlobal
